# THIS IS AN AUTOGENERATED FILE. DO NOT EDIT THIS FILE DIRECTLY.
# yarn lockfile v1


"@types/delaunator@^2.0.0":
  version "2.0.0"
  resolved "https://registry.yarnpkg.com/@types/delaunator/-/delaunator-2.0.0.tgz#61bd8374db4a75b010e90da162a7fe17fa83fae2"

"@types/lodash@^4.14.116":
  version "4.14.117"
  resolved "https://registry.yarnpkg.com/@types/lodash/-/lodash-4.14.117.tgz#695a7f514182771a1e0f4345d189052ee33c8778"

"agora-algorithm@git+ssh://git@gite.lirmm.fr:chen/agora-algorithm.git":
  version "0.1.0"
  resolved "git+ssh://git@gite.lirmm.fr:chen/agora-algorithm.git#e0a5d07e2f944e57242d6b57fd0c76f22509928d"
  dependencies:
    agora-graph "git+ssh://git@gite.lirmm.fr:chen/agora-graph.git"

"agora-graph@git+ssh://git@gite.lirmm.fr:chen/agora-graph.git":
  version "0.0.0"
  resolved "git+ssh://git@gite.lirmm.fr:chen/agora-graph.git#bf5f5be2a725c486e3e35074ad4da1edf257feae"
  dependencies:
    "@types/delaunator" "^2.0.0"
    "@types/lodash" "^4.14.116"
    delaunator "^3.0.2"
    lodash "^4.17.11"

delaunator@^3.0.2:
  version "3.0.2"
  resolved "https://registry.yarnpkg.com/delaunator/-/delaunator-3.0.2.tgz#62d5d9699cd64a736a2bb9c4d957d662452808d0"

lodash@^4.17.11:
  version "4.17.11"
  resolved "https://registry.yarnpkg.com/lodash/-/lodash-4.17.11.tgz#b39ea6229ef607ecd89e2c8df12536891cac9b8d"
